// !$*UTF8*$!
{
	archiveVersion = 1;
	classes = {
	};
	objectVersion = 56;
	objects = {

/* Begin PBXBuildFile section */
		141AE4F429A54DF000D1ACDA /* ImageFeedTests.swift in Sources */ = {isa = PBXBuildFile; fileRef = 141AE4F329A54DF000D1ACDA /* ImageFeedTests.swift */; };
		141AE4F629A54E6D00D1ACDA /* WebViewPresenterSpy.swift in Sources */ = {isa = PBXBuildFile; fileRef = 141AE4F529A54E6D00D1ACDA /* WebViewPresenterSpy.swift */; };
		141AE4F829A54EA300D1ACDA /* WebViewViewControllerSpy.swift in Sources */ = {isa = PBXBuildFile; fileRef = 141AE4F729A54EA300D1ACDA /* WebViewViewControllerSpy.swift */; };
		141AE4FA29A54ED700D1ACDA /* ProfileViewTests.swift in Sources */ = {isa = PBXBuildFile; fileRef = 141AE4F929A54ED700D1ACDA /* ProfileViewTests.swift */; };
		141AE4FC29A54F0900D1ACDA /* ImagesListTests.swift in Sources */ = {isa = PBXBuildFile; fileRef = 141AE4FB29A54F0900D1ACDA /* ImagesListTests.swift */; };
		14269428297BD90B0025706B /* TabBarController .swift in Sources */ = {isa = PBXBuildFile; fileRef = 14269427297BD90B0025706B /* TabBarController .swift */; };
		1426942A29816D6A0025706B /* ImagesListService.swift in Sources */ = {isa = PBXBuildFile; fileRef = 1426942929816D6A0025706B /* ImagesListService.swift */; };
		1426942D29816DED0025706B /* Photo.swift in Sources */ = {isa = PBXBuildFile; fileRef = 1426942C29816DEC0025706B /* Photo.swift */; };
		1426942F2982C6130025706B /* PhotoResult.swift in Sources */ = {isa = PBXBuildFile; fileRef = 1426942E2982C6130025706B /* PhotoResult.swift */; };
		144AB205294C9343005916F8 /* AuthConfiguration.swift in Sources */ = {isa = PBXBuildFile; fileRef = 144AB204294C9343005916F8 /* AuthConfiguration.swift */; };
		144AB207294CAEC4005916F8 /* AuthViewController.swift in Sources */ = {isa = PBXBuildFile; fileRef = 144AB206294CAEC4005916F8 /* AuthViewController.swift */; };
		144AB20A294D0585005916F8 /* WebViewViewController.swift in Sources */ = {isa = PBXBuildFile; fileRef = 144AB209294D0585005916F8 /* WebViewViewController.swift */; };
		149135472991367700E52558 /* AnimationGradientFactory.swift in Sources */ = {isa = PBXBuildFile; fileRef = 149135462991367700E52558 /* AnimationGradientFactory.swift */; };
		14913549299280AB00E52558 /* CookiesCleaner .swift in Sources */ = {isa = PBXBuildFile; fileRef = 14913548299280AA00E52558 /* CookiesCleaner .swift */; };
		14A208BA292CF38000B5334A /* AppDelegate.swift in Sources */ = {isa = PBXBuildFile; fileRef = 14A208B9292CF38000B5334A /* AppDelegate.swift */; };
		14A208BC292CF38000B5334A /* SceneDelegate.swift in Sources */ = {isa = PBXBuildFile; fileRef = 14A208BB292CF38000B5334A /* SceneDelegate.swift */; };
		14A208BE292CF38000B5334A /* ImagesListViewController.swift in Sources */ = {isa = PBXBuildFile; fileRef = 14A208BD292CF38000B5334A /* ImagesListViewController.swift */; };
		14A208C1292CF38000B5334A /* Main.storyboard in Resources */ = {isa = PBXBuildFile; fileRef = 14A208BF292CF38000B5334A /* Main.storyboard */; };
		14A208C3292CF38300B5334A /* Assets.xcassets in Resources */ = {isa = PBXBuildFile; fileRef = 14A208C2292CF38300B5334A /* Assets.xcassets */; };
		14A208C6292CF38300B5334A /* LaunchScreen.storyboard in Resources */ = {isa = PBXBuildFile; fileRef = 14A208C4292CF38300B5334A /* LaunchScreen.storyboard */; };
		14A208CE292CF90700B5334A /* ImagesListCell.swift in Sources */ = {isa = PBXBuildFile; fileRef = 14A208CD292CF90700B5334A /* ImagesListCell.swift */; };
		14A208D42938B3B800B5334A /* ProfileViewController.swift in Sources */ = {isa = PBXBuildFile; fileRef = 14A208D32938B3B800B5334A /* ProfileViewController.swift */; };
		14A302E1299CC23700C6BCA0 /* WebViewPresenter.swift in Sources */ = {isa = PBXBuildFile; fileRef = 14A302E0299CC23700C6BCA0 /* WebViewPresenter.swift */; };
		14A302E3299CD79E00C6BCA0 /* AuthHelper.swift in Sources */ = {isa = PBXBuildFile; fileRef = 14A302E2299CD79E00C6BCA0 /* AuthHelper.swift */; };
		14A3030B299D004D00C6BCA0 /* ProfileViewPresenter.swift in Sources */ = {isa = PBXBuildFile; fileRef = 14A3030A299D004D00C6BCA0 /* ProfileViewPresenter.swift */; };
		14A3030D299D0AD400C6BCA0 /* ImageListPresenter .swift in Sources */ = {isa = PBXBuildFile; fileRef = 14A3030C299D0AD400C6BCA0 /* ImageListPresenter .swift */; };
		14A30319299D1D2E00C6BCA0 /* ImageFeedUITests.swift in Sources */ = {isa = PBXBuildFile; fileRef = 14A30318299D1D2E00C6BCA0 /* ImageFeedUITests.swift */; };
		14A3031B299D1D2E00C6BCA0 /* ImageFeedUITestsLaunchTests.swift in Sources */ = {isa = PBXBuildFile; fileRef = 14A3031A299D1D2E00C6BCA0 /* ImageFeedUITestsLaunchTests.swift */; };
		14AB13AE2976880B00EB00F8 /* Kingfisher in Frameworks */ = {isa = PBXBuildFile; productRef = 14AB13AD2976880B00EB00F8 /* Kingfisher */; };
		14AB13B129768B1F00EB00F8 /* SwiftKeychainWrapper in Frameworks */ = {isa = PBXBuildFile; productRef = 14AB13B029768B1F00EB00F8 /* SwiftKeychainWrapper */; };
		14AEC5E229585C6F009F1126 /* SplashViewController.swift in Sources */ = {isa = PBXBuildFile; fileRef = 14AEC5E129585C6F009F1126 /* SplashViewController.swift */; };
		14AEC5E4295C55AB009F1126 /* UIFont+Extension.swift in Sources */ = {isa = PBXBuildFile; fileRef = 14AEC5E3295C55AB009F1126 /* UIFont+Extension.swift */; };
		14AEC5E6295C5951009F1126 /* FontAsset.swift in Sources */ = {isa = PBXBuildFile; fileRef = 14AEC5E5295C5951009F1126 /* FontAsset.swift */; };
		14AEC5E9295DADBD009F1126 /* ProgressHUD in Frameworks */ = {isa = PBXBuildFile; productRef = 14AEC5E8295DADBD009F1126 /* ProgressHUD */; };
		14AEC5EB296C0DE3009F1126 /* UIBlockingProgressHUD.swift in Sources */ = {isa = PBXBuildFile; fileRef = 14AEC5EA296C0DE3009F1126 /* UIBlockingProgressHUD.swift */; };
		14AEC5ED296C1212009F1126 /* ProfileService.swift in Sources */ = {isa = PBXBuildFile; fileRef = 14AEC5EC296C1212009F1126 /* ProfileService.swift */; };
		14AEC5EF296C1B42009F1126 /* NetworkRouting.swift in Sources */ = {isa = PBXBuildFile; fileRef = 14AEC5EE296C1B42009F1126 /* NetworkRouting.swift */; };
		14AEC5F1296C1B74009F1126 /* Profile.swift in Sources */ = {isa = PBXBuildFile; fileRef = 14AEC5F0296C1B74009F1126 /* Profile.swift */; };
		14AEC5F3296C2CA8009F1126 /* ProfileImageService.swift in Sources */ = {isa = PBXBuildFile; fileRef = 14AEC5F2296C2CA8009F1126 /* ProfileImageService.swift */; };
		14AEC5F5296C2D78009F1126 /* UserResult.swift in Sources */ = {isa = PBXBuildFile; fileRef = 14AEC5F4296C2D78009F1126 /* UserResult.swift */; };
		14AEC5F7296C2E26009F1126 /* ProfileImage.swift in Sources */ = {isa = PBXBuildFile; fileRef = 14AEC5F6296C2E26009F1126 /* ProfileImage.swift */; };
		14AEC5F9296DA4B2009F1126 /* ErrorAlertViewController.swift in Sources */ = {isa = PBXBuildFile; fileRef = 14AEC5F8296DA4B2009F1126 /* ErrorAlertViewController.swift */; };
		14B9C1082996440100F35754 /* Date+Extensions.swift in Sources */ = {isa = PBXBuildFile; fileRef = 14B9C1072996440100F35754 /* Date+Extensions.swift */; };
		14B9C10A2996588100F35754 /* CacheCleaner.swift in Sources */ = {isa = PBXBuildFile; fileRef = 14B9C1092996588100F35754 /* CacheCleaner.swift */; };
		14BA0011298BBB1E00E16D8F /* DateFormatter+Extension.swift in Sources */ = {isa = PBXBuildFile; fileRef = 14BA0010298BBB1E00E16D8F /* DateFormatter+Extension.swift */; };
		14CD98FE294337AB00495478 /* UIColor+Extensions .swift in Sources */ = {isa = PBXBuildFile; fileRef = 14CD98FD294337AB00495478 /* UIColor+Extensions .swift */; };
		14CD990329433AB200495478 /* YS Display-Bold.ttf in Resources */ = {isa = PBXBuildFile; fileRef = 14CD990129433AB200495478 /* YS Display-Bold.ttf */; };
		14CD990429433AB200495478 /* YS Display-Medium.ttf in Resources */ = {isa = PBXBuildFile; fileRef = 14CD990229433AB200495478 /* YS Display-Medium.ttf */; };
		14CE687A2952030900AE679B /* OAuthTokenResponseBody.swift in Sources */ = {isa = PBXBuildFile; fileRef = 14CE68792952030900AE679B /* OAuthTokenResponseBody.swift */; };
		14CE687D295206E200AE679B /* OAuth2Service.swift in Sources */ = {isa = PBXBuildFile; fileRef = 14CE687C295206E100AE679B /* OAuth2Service.swift */; };
		14CE687F2952082000AE679B /* OAuth2TokenStorage.swift in Sources */ = {isa = PBXBuildFile; fileRef = 14CE687E2952082000AE679B /* OAuth2TokenStorage.swift */; };
		14E24AC82938F8A500861CF6 /* SingleImageViewController.swift in Sources */ = {isa = PBXBuildFile; fileRef = 14E24AC72938F8A500861CF6 /* SingleImageViewController.swift */; };
/* End PBXBuildFile section */

/* Begin PBXContainerItemProxy section */
		141AE4EE29A54D8A00D1ACDA /* PBXContainerItemProxy */ = {
			isa = PBXContainerItemProxy;
			containerPortal = 14A208AE292CF38000B5334A /* Project object */;
			proxyType = 1;
			remoteGlobalIDString = 14A208B5292CF38000B5334A;
			remoteInfo = ImageFeed;
		};
		14A3031C299D1D2E00C6BCA0 /* PBXContainerItemProxy */ = {
			isa = PBXContainerItemProxy;
			containerPortal = 14A208AE292CF38000B5334A /* Project object */;
			proxyType = 1;
			remoteGlobalIDString = 14A208B5292CF38000B5334A;
			remoteInfo = ImageFeed;
		};
/* End PBXContainerItemProxy section */

/* Begin PBXFileReference section */
		141AE4EA29A54D8A00D1ACDA /* ImageFeedTests.xctest */ = {isa = PBXFileReference; explicitFileType = wrapper.cfbundle; includeInIndex = 0; path = ImageFeedTests.xctest; sourceTree = BUILT_PRODUCTS_DIR; };
		141AE4F329A54DF000D1ACDA /* ImageFeedTests.swift */ = {isa = PBXFileReference; lastKnownFileType = sourcecode.swift; path = ImageFeedTests.swift; sourceTree = "<group>"; };
		141AE4F529A54E6D00D1ACDA /* WebViewPresenterSpy.swift */ = {isa = PBXFileReference; lastKnownFileType = sourcecode.swift; path = WebViewPresenterSpy.swift; sourceTree = "<group>"; };
		141AE4F729A54EA300D1ACDA /* WebViewViewControllerSpy.swift */ = {isa = PBXFileReference; lastKnownFileType = sourcecode.swift; path = WebViewViewControllerSpy.swift; sourceTree = "<group>"; };
		141AE4F929A54ED700D1ACDA /* ProfileViewTests.swift */ = {isa = PBXFileReference; lastKnownFileType = sourcecode.swift; path = ProfileViewTests.swift; sourceTree = "<group>"; };
		141AE4FB29A54F0900D1ACDA /* ImagesListTests.swift */ = {isa = PBXFileReference; lastKnownFileType = sourcecode.swift; path = ImagesListTests.swift; sourceTree = "<group>"; };
		14269427297BD90B0025706B /* TabBarController .swift */ = {isa = PBXFileReference; lastKnownFileType = sourcecode.swift; path = "TabBarController .swift"; sourceTree = "<group>"; };
		1426942929816D6A0025706B /* ImagesListService.swift */ = {isa = PBXFileReference; lastKnownFileType = sourcecode.swift; path = ImagesListService.swift; sourceTree = "<group>"; };
		1426942C29816DEC0025706B /* Photo.swift */ = {isa = PBXFileReference; lastKnownFileType = sourcecode.swift; path = Photo.swift; sourceTree = "<group>"; };
		1426942E2982C6130025706B /* PhotoResult.swift */ = {isa = PBXFileReference; lastKnownFileType = sourcecode.swift; path = PhotoResult.swift; sourceTree = "<group>"; };
		144AB204294C9343005916F8 /* AuthConfiguration.swift */ = {isa = PBXFileReference; lastKnownFileType = sourcecode.swift; path = AuthConfiguration.swift; sourceTree = "<group>"; };
		144AB206294CAEC4005916F8 /* AuthViewController.swift */ = {isa = PBXFileReference; lastKnownFileType = sourcecode.swift; path = AuthViewController.swift; sourceTree = "<group>"; };
		144AB209294D0585005916F8 /* WebViewViewController.swift */ = {isa = PBXFileReference; lastKnownFileType = sourcecode.swift; path = WebViewViewController.swift; sourceTree = "<group>"; };
		149135462991367700E52558 /* AnimationGradientFactory.swift */ = {isa = PBXFileReference; lastKnownFileType = sourcecode.swift; path = AnimationGradientFactory.swift; sourceTree = "<group>"; };
		14913548299280AA00E52558 /* CookiesCleaner .swift */ = {isa = PBXFileReference; lastKnownFileType = sourcecode.swift; path = "CookiesCleaner .swift"; sourceTree = "<group>"; };
		14A208B6292CF38000B5334A /* ImageFeed.app */ = {isa = PBXFileReference; explicitFileType = wrapper.application; includeInIndex = 0; path = ImageFeed.app; sourceTree = BUILT_PRODUCTS_DIR; };
		14A208B9292CF38000B5334A /* AppDelegate.swift */ = {isa = PBXFileReference; lastKnownFileType = sourcecode.swift; path = AppDelegate.swift; sourceTree = "<group>"; };
		14A208BB292CF38000B5334A /* SceneDelegate.swift */ = {isa = PBXFileReference; lastKnownFileType = sourcecode.swift; path = SceneDelegate.swift; sourceTree = "<group>"; };
		14A208BD292CF38000B5334A /* ImagesListViewController.swift */ = {isa = PBXFileReference; lastKnownFileType = sourcecode.swift; path = ImagesListViewController.swift; sourceTree = "<group>"; };
		14A208C0292CF38000B5334A /* Base */ = {isa = PBXFileReference; lastKnownFileType = file.storyboard; name = Base; path = Base.lproj/Main.storyboard; sourceTree = "<group>"; };
		14A208C2292CF38300B5334A /* Assets.xcassets */ = {isa = PBXFileReference; lastKnownFileType = folder.assetcatalog; path = Assets.xcassets; sourceTree = "<group>"; };
		14A208C5292CF38300B5334A /* Base */ = {isa = PBXFileReference; lastKnownFileType = file.storyboard; name = Base; path = Base.lproj/LaunchScreen.storyboard; sourceTree = "<group>"; };
		14A208C7292CF38300B5334A /* Info.plist */ = {isa = PBXFileReference; lastKnownFileType = text.plist.xml; path = Info.plist; sourceTree = "<group>"; };
		14A208CD292CF90700B5334A /* ImagesListCell.swift */ = {isa = PBXFileReference; lastKnownFileType = sourcecode.swift; path = ImagesListCell.swift; sourceTree = "<group>"; };
		14A208D32938B3B800B5334A /* ProfileViewController.swift */ = {isa = PBXFileReference; lastKnownFileType = sourcecode.swift; path = ProfileViewController.swift; sourceTree = "<group>"; };
		14A302E0299CC23700C6BCA0 /* WebViewPresenter.swift */ = {isa = PBXFileReference; lastKnownFileType = sourcecode.swift; path = WebViewPresenter.swift; sourceTree = "<group>"; };
		14A302E2299CD79E00C6BCA0 /* AuthHelper.swift */ = {isa = PBXFileReference; lastKnownFileType = sourcecode.swift; path = AuthHelper.swift; sourceTree = "<group>"; };
		14A3030A299D004D00C6BCA0 /* ProfileViewPresenter.swift */ = {isa = PBXFileReference; lastKnownFileType = sourcecode.swift; path = ProfileViewPresenter.swift; sourceTree = "<group>"; };
		14A3030C299D0AD400C6BCA0 /* ImageListPresenter .swift */ = {isa = PBXFileReference; lastKnownFileType = sourcecode.swift; path = "ImageListPresenter .swift"; sourceTree = "<group>"; };
		14A30316299D1D2D00C6BCA0 /* ImageFeedUITests.xctest */ = {isa = PBXFileReference; explicitFileType = wrapper.cfbundle; includeInIndex = 0; path = ImageFeedUITests.xctest; sourceTree = BUILT_PRODUCTS_DIR; };
		14A30318299D1D2E00C6BCA0 /* ImageFeedUITests.swift */ = {isa = PBXFileReference; lastKnownFileType = sourcecode.swift; path = ImageFeedUITests.swift; sourceTree = "<group>"; };
		14A3031A299D1D2E00C6BCA0 /* ImageFeedUITestsLaunchTests.swift */ = {isa = PBXFileReference; lastKnownFileType = sourcecode.swift; path = ImageFeedUITestsLaunchTests.swift; sourceTree = "<group>"; };
		14AEC5E129585C6F009F1126 /* SplashViewController.swift */ = {isa = PBXFileReference; lastKnownFileType = sourcecode.swift; path = SplashViewController.swift; sourceTree = "<group>"; };
		14AEC5E3295C55AB009F1126 /* UIFont+Extension.swift */ = {isa = PBXFileReference; lastKnownFileType = sourcecode.swift; path = "UIFont+Extension.swift"; sourceTree = "<group>"; };
		14AEC5E5295C5951009F1126 /* FontAsset.swift */ = {isa = PBXFileReference; lastKnownFileType = sourcecode.swift; path = FontAsset.swift; sourceTree = "<group>"; };
		14AEC5EA296C0DE3009F1126 /* UIBlockingProgressHUD.swift */ = {isa = PBXFileReference; lastKnownFileType = sourcecode.swift; path = UIBlockingProgressHUD.swift; sourceTree = "<group>"; };
		14AEC5EC296C1212009F1126 /* ProfileService.swift */ = {isa = PBXFileReference; lastKnownFileType = sourcecode.swift; path = ProfileService.swift; sourceTree = "<group>"; };
		14AEC5EE296C1B42009F1126 /* NetworkRouting.swift */ = {isa = PBXFileReference; lastKnownFileType = sourcecode.swift; path = NetworkRouting.swift; sourceTree = "<group>"; };
		14AEC5F0296C1B74009F1126 /* Profile.swift */ = {isa = PBXFileReference; lastKnownFileType = sourcecode.swift; path = Profile.swift; sourceTree = "<group>"; };
		14AEC5F2296C2CA8009F1126 /* ProfileImageService.swift */ = {isa = PBXFileReference; lastKnownFileType = sourcecode.swift; path = ProfileImageService.swift; sourceTree = "<group>"; };
		14AEC5F4296C2D78009F1126 /* UserResult.swift */ = {isa = PBXFileReference; lastKnownFileType = sourcecode.swift; path = UserResult.swift; sourceTree = "<group>"; };
		14AEC5F6296C2E26009F1126 /* ProfileImage.swift */ = {isa = PBXFileReference; lastKnownFileType = sourcecode.swift; path = ProfileImage.swift; sourceTree = "<group>"; };
		14AEC5F8296DA4B2009F1126 /* ErrorAlertViewController.swift */ = {isa = PBXFileReference; lastKnownFileType = sourcecode.swift; path = ErrorAlertViewController.swift; sourceTree = "<group>"; };
		14B9C1072996440100F35754 /* Date+Extensions.swift */ = {isa = PBXFileReference; lastKnownFileType = sourcecode.swift; path = "Date+Extensions.swift"; sourceTree = "<group>"; };
		14B9C1092996588100F35754 /* CacheCleaner.swift */ = {isa = PBXFileReference; lastKnownFileType = sourcecode.swift; path = CacheCleaner.swift; sourceTree = "<group>"; };
		14BA0010298BBB1E00E16D8F /* DateFormatter+Extension.swift */ = {isa = PBXFileReference; lastKnownFileType = sourcecode.swift; path = "DateFormatter+Extension.swift"; sourceTree = "<group>"; };
		14CD98FD294337AB00495478 /* UIColor+Extensions .swift */ = {isa = PBXFileReference; lastKnownFileType = sourcecode.swift; path = "UIColor+Extensions .swift"; sourceTree = "<group>"; };
		14CD990129433AB200495478 /* YS Display-Bold.ttf */ = {isa = PBXFileReference; lastKnownFileType = file; path = "YS Display-Bold.ttf"; sourceTree = "<group>"; };
		14CD990229433AB200495478 /* YS Display-Medium.ttf */ = {isa = PBXFileReference; lastKnownFileType = file; path = "YS Display-Medium.ttf"; sourceTree = "<group>"; };
		14CE68792952030900AE679B /* OAuthTokenResponseBody.swift */ = {isa = PBXFileReference; lastKnownFileType = sourcecode.swift; path = OAuthTokenResponseBody.swift; sourceTree = "<group>"; };
		14CE687C295206E100AE679B /* OAuth2Service.swift */ = {isa = PBXFileReference; lastKnownFileType = sourcecode.swift; path = OAuth2Service.swift; sourceTree = "<group>"; };
		14CE687E2952082000AE679B /* OAuth2TokenStorage.swift */ = {isa = PBXFileReference; lastKnownFileType = sourcecode.swift; path = OAuth2TokenStorage.swift; sourceTree = "<group>"; };
		14E24AC72938F8A500861CF6 /* SingleImageViewController.swift */ = {isa = PBXFileReference; lastKnownFileType = sourcecode.swift; path = SingleImageViewController.swift; sourceTree = "<group>"; };
/* End PBXFileReference section */

/* Begin PBXFrameworksBuildPhase section */
		141AE4E729A54D8A00D1ACDA /* Frameworks */ = {
			isa = PBXFrameworksBuildPhase;
			buildActionMask = 2147483647;
			files = (
			);
			runOnlyForDeploymentPostprocessing = 0;
		};
		14A208B3292CF38000B5334A /* Frameworks */ = {
			isa = PBXFrameworksBuildPhase;
			buildActionMask = 2147483647;
			files = (
				14AB13AE2976880B00EB00F8 /* Kingfisher in Frameworks */,
				14AEC5E9295DADBD009F1126 /* ProgressHUD in Frameworks */,
				14AB13B129768B1F00EB00F8 /* SwiftKeychainWrapper in Frameworks */,
			);
			runOnlyForDeploymentPostprocessing = 0;
		};
		14A30313299D1D2D00C6BCA0 /* Frameworks */ = {
			isa = PBXFrameworksBuildPhase;
			buildActionMask = 2147483647;
			files = (
			);
			runOnlyForDeploymentPostprocessing = 0;
		};
/* End PBXFrameworksBuildPhase section */

/* Begin PBXGroup section */
		141AE4EB29A54D8A00D1ACDA /* ImageFeedTests */ = {
			isa = PBXGroup;
			children = (
				141AE4F329A54DF000D1ACDA /* ImageFeedTests.swift */,
				141AE4F529A54E6D00D1ACDA /* WebViewPresenterSpy.swift */,
				141AE4F729A54EA300D1ACDA /* WebViewViewControllerSpy.swift */,
				141AE4F929A54ED700D1ACDA /* ProfileViewTests.swift */,
				141AE4FB29A54F0900D1ACDA /* ImagesListTests.swift */,
			);
			path = ImageFeedTests;
			sourceTree = "<group>";
		};
		14269426297BD8C70025706B /* TabBar */ = {
			isa = PBXGroup;
			children = (
				14269427297BD90B0025706B /* TabBarController .swift */,
			);
			path = TabBar;
			sourceTree = "<group>";
		};
		144AB208294CFB03005916F8 /* Auth */ = {
			isa = PBXGroup;
			children = (
				144AB204294C9343005916F8 /* AuthConfiguration.swift */,
				144AB206294CAEC4005916F8 /* AuthViewController.swift */,
				14A302E2299CD79E00C6BCA0 /* AuthHelper.swift */,
				144AB209294D0585005916F8 /* WebViewViewController.swift */,
				14A302E0299CC23700C6BCA0 /* WebViewPresenter.swift */,
			);
			path = Auth;
			sourceTree = "<group>";
		};
		14A208AD292CF38000B5334A = {
			isa = PBXGroup;
			children = (
				14A208B8292CF38000B5334A /* ImageFeed */,
				14A30317299D1D2D00C6BCA0 /* ImageFeedUITests */,
				141AE4EB29A54D8A00D1ACDA /* ImageFeedTests */,
				14A208B7292CF38000B5334A /* Products */,
			);
			sourceTree = "<group>";
		};
		14A208B7292CF38000B5334A /* Products */ = {
			isa = PBXGroup;
			children = (
				14A208B6292CF38000B5334A /* ImageFeed.app */,
				14A30316299D1D2D00C6BCA0 /* ImageFeedUITests.xctest */,
				141AE4EA29A54D8A00D1ACDA /* ImageFeedTests.xctest */,
			);
			name = Products;
			sourceTree = "<group>";
		};
		14A208B8292CF38000B5334A /* ImageFeed */ = {
			isa = PBXGroup;
			children = (
				14AEC5FA296DA565009F1126 /* Alert */,
				144AB208294CFB03005916F8 /* Auth */,
				14A208CF292CF91000B5334A /* ImagesList */,
				14A208D22938B38400B5334A /* Profile */,
				14E24AC9293C898C00861CF6 /* SingleImage */,
				14AEC5E029585C54009F1126 /* SpalshViewController */,
				14269426297BD8C70025706B /* TabBar */,
				14CD98FC2943377B00495478 /* Helpers */,
				14CE6877295201DF00AE679B /* Models */,
				14CD98FF29433A2100495478 /* Resources */,
				14CE687B295206AE00AE679B /* Services */,
				14A208BF292CF38000B5334A /* Main.storyboard */,
				14A208B9292CF38000B5334A /* AppDelegate.swift */,
				14A208BB292CF38000B5334A /* SceneDelegate.swift */,
			);
			path = ImageFeed;
			sourceTree = "<group>";
		};
		14A208CF292CF91000B5334A /* ImagesList */ = {
			isa = PBXGroup;
			children = (
				14A208CD292CF90700B5334A /* ImagesListCell.swift */,
				14A208BD292CF38000B5334A /* ImagesListViewController.swift */,
				14A3030C299D0AD400C6BCA0 /* ImageListPresenter .swift */,
				1426942929816D6A0025706B /* ImagesListService.swift */,
			);
			path = ImagesList;
			sourceTree = "<group>";
		};
		14A208D22938B38400B5334A /* Profile */ = {
			isa = PBXGroup;
			children = (
				14A208D32938B3B800B5334A /* ProfileViewController.swift */,
				14A3030A299D004D00C6BCA0 /* ProfileViewPresenter.swift */,
				14AEC5EC296C1212009F1126 /* ProfileService.swift */,
				14AEC5F2296C2CA8009F1126 /* ProfileImageService.swift */,
			);
			path = Profile;
			sourceTree = "<group>";
		};
		14A30317299D1D2D00C6BCA0 /* ImageFeedUITests */ = {
			isa = PBXGroup;
			children = (
				14A30318299D1D2E00C6BCA0 /* ImageFeedUITests.swift */,
				14A3031A299D1D2E00C6BCA0 /* ImageFeedUITestsLaunchTests.swift */,
			);
			path = ImageFeedUITests;
			sourceTree = "<group>";
		};
		14AEC5E029585C54009F1126 /* SpalshViewController */ = {
			isa = PBXGroup;
			children = (
				14AEC5E129585C6F009F1126 /* SplashViewController.swift */,
			);
			path = SpalshViewController;
			sourceTree = "<group>";
		};
		14AEC5FA296DA565009F1126 /* Alert */ = {
			isa = PBXGroup;
			children = (
				14AEC5F8296DA4B2009F1126 /* ErrorAlertViewController.swift */,
			);
			path = Alert;
			sourceTree = "<group>";
		};
		14CD98FC2943377B00495478 /* Helpers */ = {
			isa = PBXGroup;
			children = (
				14CD98FD294337AB00495478 /* UIColor+Extensions .swift */,
				14AEC5E3295C55AB009F1126 /* UIFont+Extension.swift */,
				14BA0010298BBB1E00E16D8F /* DateFormatter+Extension.swift */,
				14B9C1072996440100F35754 /* Date+Extensions.swift */,
			);
			path = Helpers;
			sourceTree = "<group>";
		};
		14CD98FF29433A2100495478 /* Resources */ = {
			isa = PBXGroup;
			children = (
				14A208C7292CF38300B5334A /* Info.plist */,
				14A208C2292CF38300B5334A /* Assets.xcassets */,
				14A208C4292CF38300B5334A /* LaunchScreen.storyboard */,
				14CD990029433AB200495478 /* Fonts */,
				14AEC5E5295C5951009F1126 /* FontAsset.swift */,
			);
			path = Resources;
			sourceTree = "<group>";
		};
		14CD990029433AB200495478 /* Fonts */ = {
			isa = PBXGroup;
			children = (
				14CD990129433AB200495478 /* YS Display-Bold.ttf */,
				14CD990229433AB200495478 /* YS Display-Medium.ttf */,
			);
			path = Fonts;
			sourceTree = "<group>";
		};
		14CE6877295201DF00AE679B /* Models */ = {
			isa = PBXGroup;
			children = (
				14CE68792952030900AE679B /* OAuthTokenResponseBody.swift */,
				14AEC5F0296C1B74009F1126 /* Profile.swift */,
				14AEC5F4296C2D78009F1126 /* UserResult.swift */,
				14AEC5F6296C2E26009F1126 /* ProfileImage.swift */,
				1426942C29816DEC0025706B /* Photo.swift */,
				1426942E2982C6130025706B /* PhotoResult.swift */,
			);
			path = Models;
			sourceTree = "<group>";
		};
		14CE687B295206AE00AE679B /* Services */ = {
			isa = PBXGroup;
			children = (
				14AEC5EA296C0DE3009F1126 /* UIBlockingProgressHUD.swift */,
				14CE687C295206E100AE679B /* OAuth2Service.swift */,
				14CE687E2952082000AE679B /* OAuth2TokenStorage.swift */,
				14AEC5EE296C1B42009F1126 /* NetworkRouting.swift */,
				149135462991367700E52558 /* AnimationGradientFactory.swift */,
				14913548299280AA00E52558 /* CookiesCleaner .swift */,
				14B9C1092996588100F35754 /* CacheCleaner.swift */,
			);
			path = Services;
			sourceTree = "<group>";
		};
		14E24AC9293C898C00861CF6 /* SingleImage */ = {
			isa = PBXGroup;
			children = (
				14E24AC72938F8A500861CF6 /* SingleImageViewController.swift */,
			);
			path = SingleImage;
			sourceTree = "<group>";
		};
/* End PBXGroup section */

/* Begin PBXNativeTarget section */
		141AE4E929A54D8A00D1ACDA /* ImageFeedTests */ = {
			isa = PBXNativeTarget;
			buildConfigurationList = 141AE4F229A54D8A00D1ACDA /* Build configuration list for PBXNativeTarget "ImageFeedTests" */;
			buildPhases = (
				141AE4E629A54D8A00D1ACDA /* Sources */,
				141AE4E729A54D8A00D1ACDA /* Frameworks */,
				141AE4E829A54D8A00D1ACDA /* Resources */,
			);
			buildRules = (
			);
			dependencies = (
				141AE4EF29A54D8A00D1ACDA /* PBXTargetDependency */,
			);
			name = ImageFeedTests;
			productName = ImageFeedTests;
			productReference = 141AE4EA29A54D8A00D1ACDA /* ImageFeedTests.xctest */;
			productType = "com.apple.product-type.bundle.unit-test";
		};
		14A208B5292CF38000B5334A /* ImageFeed */ = {
			isa = PBXNativeTarget;
			buildConfigurationList = 14A208CA292CF38300B5334A /* Build configuration list for PBXNativeTarget "ImageFeed" */;
			buildPhases = (
				14A208B2292CF38000B5334A /* Sources */,
				14A208B3292CF38000B5334A /* Frameworks */,
				14A208B4292CF38000B5334A /* Resources */,
			);
			buildRules = (
			);
			dependencies = (
			);
			name = ImageFeed;
			packageProductDependencies = (
				14AEC5E8295DADBD009F1126 /* ProgressHUD */,
				14AB13AD2976880B00EB00F8 /* Kingfisher */,
				14AB13B029768B1F00EB00F8 /* SwiftKeychainWrapper */,
			);
			productName = ImageFeed;
			productReference = 14A208B6292CF38000B5334A /* ImageFeed.app */;
			productType = "com.apple.product-type.application";
		};
		14A30315299D1D2D00C6BCA0 /* ImageFeedUITests */ = {
			isa = PBXNativeTarget;
			buildConfigurationList = 14A3031E299D1D2E00C6BCA0 /* Build configuration list for PBXNativeTarget "ImageFeedUITests" */;
			buildPhases = (
				14A30312299D1D2D00C6BCA0 /* Sources */,
				14A30313299D1D2D00C6BCA0 /* Frameworks */,
				14A30314299D1D2D00C6BCA0 /* Resources */,
			);
			buildRules = (
			);
			dependencies = (
				14A3031D299D1D2E00C6BCA0 /* PBXTargetDependency */,
			);
			name = ImageFeedUITests;
			productName = ImageFeedUITests;
			productReference = 14A30316299D1D2D00C6BCA0 /* ImageFeedUITests.xctest */;
			productType = "com.apple.product-type.bundle.ui-testing";
		};
/* End PBXNativeTarget section */

/* Begin PBXProject section */
		14A208AE292CF38000B5334A /* Project object */ = {
			isa = PBXProject;
			attributes = {
				BuildIndependentTargetsInParallel = 1;
				LastSwiftUpdateCheck = 1420;
				LastUpgradeCheck = 1400;
				TargetAttributes = {
					141AE4E929A54D8A00D1ACDA = {
						CreatedOnToolsVersion = 14.2;
						LastSwiftMigration = 1420;
						TestTargetID = 14A208B5292CF38000B5334A;
					};
					14A208B5292CF38000B5334A = {
						CreatedOnToolsVersion = 14.0.1;
					};
					14A30315299D1D2D00C6BCA0 = {
						CreatedOnToolsVersion = 14.2;
						TestTargetID = 14A208B5292CF38000B5334A;
					};
				};
			};
			buildConfigurationList = 14A208B1292CF38000B5334A /* Build configuration list for PBXProject "ImageFeed" */;
			compatibilityVersion = "Xcode 14.0";
			developmentRegion = en;
			hasScannedForEncodings = 0;
			knownRegions = (
				en,
				Base,
			);
			mainGroup = 14A208AD292CF38000B5334A;
			packageReferences = (
				14AEC5E7295DADBD009F1126 /* XCRemoteSwiftPackageReference "ProgressHUD" */,
				14AB13AC2976880B00EB00F8 /* XCRemoteSwiftPackageReference "Kingfisher" */,
				14AB13AF29768B1F00EB00F8 /* XCRemoteSwiftPackageReference "SwiftKeychainWrapper" */,
			);
			productRefGroup = 14A208B7292CF38000B5334A /* Products */;
			projectDirPath = "";
			projectRoot = "";
			targets = (
				14A208B5292CF38000B5334A /* ImageFeed */,
				14A30315299D1D2D00C6BCA0 /* ImageFeedUITests */,
				141AE4E929A54D8A00D1ACDA /* ImageFeedTests */,
			);
		};
/* End PBXProject section */

/* Begin PBXResourcesBuildPhase section */
		141AE4E829A54D8A00D1ACDA /* Resources */ = {
			isa = PBXResourcesBuildPhase;
			buildActionMask = 2147483647;
			files = (
			);
			runOnlyForDeploymentPostprocessing = 0;
		};
		14A208B4292CF38000B5334A /* Resources */ = {
			isa = PBXResourcesBuildPhase;
			buildActionMask = 2147483647;
			files = (
				14A208C6292CF38300B5334A /* LaunchScreen.storyboard in Resources */,
				14A208C3292CF38300B5334A /* Assets.xcassets in Resources */,
				14A208C1292CF38000B5334A /* Main.storyboard in Resources */,
				14CD990329433AB200495478 /* YS Display-Bold.ttf in Resources */,
				14CD990429433AB200495478 /* YS Display-Medium.ttf in Resources */,
			);
			runOnlyForDeploymentPostprocessing = 0;
		};
		14A30314299D1D2D00C6BCA0 /* Resources */ = {
			isa = PBXResourcesBuildPhase;
			buildActionMask = 2147483647;
			files = (
			);
			runOnlyForDeploymentPostprocessing = 0;
		};
/* End PBXResourcesBuildPhase section */

/* Begin PBXSourcesBuildPhase section */
		141AE4E629A54D8A00D1ACDA /* Sources */ = {
			isa = PBXSourcesBuildPhase;
			buildActionMask = 2147483647;
			files = (
				141AE4FA29A54ED700D1ACDA /* ProfileViewTests.swift in Sources */,
				141AE4F429A54DF000D1ACDA /* ImageFeedTests.swift in Sources */,
				141AE4F829A54EA300D1ACDA /* WebViewViewControllerSpy.swift in Sources */,
				141AE4F629A54E6D00D1ACDA /* WebViewPresenterSpy.swift in Sources */,
				141AE4FC29A54F0900D1ACDA /* ImagesListTests.swift in Sources */,
			);
			runOnlyForDeploymentPostprocessing = 0;
		};
		14A208B2292CF38000B5334A /* Sources */ = {
			isa = PBXSourcesBuildPhase;
			buildActionMask = 2147483647;
			files = (
				144AB20A294D0585005916F8 /* WebViewViewController.swift in Sources */,
				14A3030B299D004D00C6BCA0 /* ProfileViewPresenter.swift in Sources */,
				14AEC5F1296C1B74009F1126 /* Profile.swift in Sources */,
				14AEC5E6295C5951009F1126 /* FontAsset.swift in Sources */,
				1426942D29816DED0025706B /* Photo.swift in Sources */,
				14A208BE292CF38000B5334A /* ImagesListViewController.swift in Sources */,
				14AEC5EF296C1B42009F1126 /* NetworkRouting.swift in Sources */,
				14B9C10A2996588100F35754 /* CacheCleaner.swift in Sources */,
				14CE687D295206E200AE679B /* OAuth2Service.swift in Sources */,
				14A302E1299CC23700C6BCA0 /* WebViewPresenter.swift in Sources */,
				149135472991367700E52558 /* AnimationGradientFactory.swift in Sources */,
				14913549299280AB00E52558 /* CookiesCleaner .swift in Sources */,
				14AEC5F9296DA4B2009F1126 /* ErrorAlertViewController.swift in Sources */,
				14A302E3299CD79E00C6BCA0 /* AuthHelper.swift in Sources */,
				14AEC5E4295C55AB009F1126 /* UIFont+Extension.swift in Sources */,
				1426942F2982C6130025706B /* PhotoResult.swift in Sources */,
				14A208CE292CF90700B5334A /* ImagesListCell.swift in Sources */,
				14A208D42938B3B800B5334A /* ProfileViewController.swift in Sources */,
				14AEC5F5296C2D78009F1126 /* UserResult.swift in Sources */,
				14AEC5E229585C6F009F1126 /* SplashViewController.swift in Sources */,
				14A208BA292CF38000B5334A /* AppDelegate.swift in Sources */,
				14E24AC82938F8A500861CF6 /* SingleImageViewController.swift in Sources */,
				14A208BC292CF38000B5334A /* SceneDelegate.swift in Sources */,
				14269428297BD90B0025706B /* TabBarController .swift in Sources */,
				14AEC5ED296C1212009F1126 /* ProfileService.swift in Sources */,
				14A3030D299D0AD400C6BCA0 /* ImageListPresenter .swift in Sources */,
				14B9C1082996440100F35754 /* Date+Extensions.swift in Sources */,
				14CD98FE294337AB00495478 /* UIColor+Extensions .swift in Sources */,
				14AEC5F3296C2CA8009F1126 /* ProfileImageService.swift in Sources */,
				14BA0011298BBB1E00E16D8F /* DateFormatter+Extension.swift in Sources */,
				144AB207294CAEC4005916F8 /* AuthViewController.swift in Sources */,
				14AEC5F7296C2E26009F1126 /* ProfileImage.swift in Sources */,
				144AB205294C9343005916F8 /* AuthConfiguration.swift in Sources */,
				14CE687F2952082000AE679B /* OAuth2TokenStorage.swift in Sources */,
				14CE687A2952030900AE679B /* OAuthTokenResponseBody.swift in Sources */,
				14AEC5EB296C0DE3009F1126 /* UIBlockingProgressHUD.swift in Sources */,
				1426942A29816D6A0025706B /* ImagesListService.swift in Sources */,
			);
			runOnlyForDeploymentPostprocessing = 0;
		};
		14A30312299D1D2D00C6BCA0 /* Sources */ = {
			isa = PBXSourcesBuildPhase;
			buildActionMask = 2147483647;
			files = (
				14A3031B299D1D2E00C6BCA0 /* ImageFeedUITestsLaunchTests.swift in Sources */,
				14A30319299D1D2E00C6BCA0 /* ImageFeedUITests.swift in Sources */,
			);
			runOnlyForDeploymentPostprocessing = 0;
		};
/* End PBXSourcesBuildPhase section */

/* Begin PBXTargetDependency section */
		141AE4EF29A54D8A00D1ACDA /* PBXTargetDependency */ = {
			isa = PBXTargetDependency;
			target = 14A208B5292CF38000B5334A /* ImageFeed */;
			targetProxy = 141AE4EE29A54D8A00D1ACDA /* PBXContainerItemProxy */;
		};
		14A3031D299D1D2E00C6BCA0 /* PBXTargetDependency */ = {
			isa = PBXTargetDependency;
			target = 14A208B5292CF38000B5334A /* ImageFeed */;
			targetProxy = 14A3031C299D1D2E00C6BCA0 /* PBXContainerItemProxy */;
		};
/* End PBXTargetDependency section */

/* Begin PBXVariantGroup section */
		14A208BF292CF38000B5334A /* Main.storyboard */ = {
			isa = PBXVariantGroup;
			children = (
				14A208C0292CF38000B5334A /* Base */,
			);
			name = Main.storyboard;
			sourceTree = "<group>";
		};
		14A208C4292CF38300B5334A /* LaunchScreen.storyboard */ = {
			isa = PBXVariantGroup;
			children = (
				14A208C5292CF38300B5334A /* Base */,
			);
			name = LaunchScreen.storyboard;
			sourceTree = "<group>";
		};
/* End PBXVariantGroup section */

/* Begin XCBuildConfiguration section */
		141AE4F029A54D8A00D1ACDA /* Debug */ = {
			isa = XCBuildConfiguration;
			buildSettings = {
				BUNDLE_LOADER = "$(TEST_HOST)";
				CLANG_ENABLE_MODULES = YES;
				CODE_SIGN_STYLE = Automatic;
				CURRENT_PROJECT_VERSION = 1;
				DEVELOPMENT_TEAM = L6P53PTP9Z;
				GENERATE_INFOPLIST_FILE = YES;
				IPHONEOS_DEPLOYMENT_TARGET = 16.2;
				LD_RUNPATH_SEARCH_PATHS = (
					"$(inherited)",
					"@executable_path/Frameworks",
					"@loader_path/Frameworks",
				);
				MARKETING_VERSION = 1.0;
				PRODUCT_BUNDLE_IDENTIFIER = ru.av00id.ImageFeedTests;
				PRODUCT_NAME = "$(TARGET_NAME)";
				SWIFT_EMIT_LOC_STRINGS = NO;
				SWIFT_OPTIMIZATION_LEVEL = "-Onone";
				SWIFT_VERSION = 5.0;
				TARGETED_DEVICE_FAMILY = "1,2";
				TEST_HOST = "$(BUILT_PRODUCTS_DIR)/ImageFeed.app/$(BUNDLE_EXECUTABLE_FOLDER_PATH)/ImageFeed";
			};
			name = Debug;
		};
		141AE4F129A54D8A00D1ACDA /* Release */ = {
			isa = XCBuildConfiguration;
			buildSettings = {
				BUNDLE_LOADER = "$(TEST_HOST)";
				CLANG_ENABLE_MODULES = YES;
				CODE_SIGN_STYLE = Automatic;
				CURRENT_PROJECT_VERSION = 1;
				DEVELOPMENT_TEAM = L6P53PTP9Z;
				GENERATE_INFOPLIST_FILE = YES;
				IPHONEOS_DEPLOYMENT_TARGET = 16.2;
				LD_RUNPATH_SEARCH_PATHS = (
					"$(inherited)",
					"@executable_path/Frameworks",
					"@loader_path/Frameworks",
				);
				MARKETING_VERSION = 1.0;
				PRODUCT_BUNDLE_IDENTIFIER = ru.av00id.ImageFeedTests;
				PRODUCT_NAME = "$(TARGET_NAME)";
				SWIFT_EMIT_LOC_STRINGS = NO;
				SWIFT_VERSION = 5.0;
				TARGETED_DEVICE_FAMILY = "1,2";
				TEST_HOST = "$(BUILT_PRODUCTS_DIR)/ImageFeed.app/$(BUNDLE_EXECUTABLE_FOLDER_PATH)/ImageFeed";
			};
			name = Release;
		};
		14A208C8292CF38300B5334A /* Debug */ = {
			isa = XCBuildConfiguration;
			buildSettings = {
				ALWAYS_SEARCH_USER_PATHS = NO;
				CLANG_ANALYZER_NONNULL = YES;
				CLANG_ANALYZER_NUMBER_OBJECT_CONVERSION = YES_AGGRESSIVE;
				CLANG_CXX_LANGUAGE_STANDARD = "gnu++20";
				CLANG_ENABLE_MODULES = YES;
				CLANG_ENABLE_OBJC_ARC = YES;
				CLANG_ENABLE_OBJC_WEAK = YES;
				CLANG_WARN_BLOCK_CAPTURE_AUTORELEASING = YES;
				CLANG_WARN_BOOL_CONVERSION = YES;
				CLANG_WARN_COMMA = YES;
				CLANG_WARN_CONSTANT_CONVERSION = YES;
				CLANG_WARN_DEPRECATED_OBJC_IMPLEMENTATIONS = YES;
				CLANG_WARN_DIRECT_OBJC_ISA_USAGE = YES_ERROR;
				CLANG_WARN_DOCUMENTATION_COMMENTS = YES;
				CLANG_WARN_EMPTY_BODY = YES;
				CLANG_WARN_ENUM_CONVERSION = YES;
				CLANG_WARN_INFINITE_RECURSION = YES;
				CLANG_WARN_INT_CONVERSION = YES;
				CLANG_WARN_NON_LITERAL_NULL_CONVERSION = YES;
				CLANG_WARN_OBJC_IMPLICIT_RETAIN_SELF = YES;
				CLANG_WARN_OBJC_LITERAL_CONVERSION = YES;
				CLANG_WARN_OBJC_ROOT_CLASS = YES_ERROR;
				CLANG_WARN_QUOTED_INCLUDE_IN_FRAMEWORK_HEADER = YES;
				CLANG_WARN_RANGE_LOOP_ANALYSIS = YES;
				CLANG_WARN_STRICT_PROTOTYPES = YES;
				CLANG_WARN_SUSPICIOUS_MOVE = YES;
				CLANG_WARN_UNGUARDED_AVAILABILITY = YES_AGGRESSIVE;
				CLANG_WARN_UNREACHABLE_CODE = YES;
				CLANG_WARN__DUPLICATE_METHOD_MATCH = YES;
				COPY_PHASE_STRIP = NO;
				DEBUG_INFORMATION_FORMAT = dwarf;
				ENABLE_STRICT_OBJC_MSGSEND = YES;
				ENABLE_TESTABILITY = YES;
				GCC_C_LANGUAGE_STANDARD = gnu11;
				GCC_DYNAMIC_NO_PIC = NO;
				GCC_NO_COMMON_BLOCKS = YES;
				GCC_OPTIMIZATION_LEVEL = 0;
				GCC_PREPROCESSOR_DEFINITIONS = (
					"DEBUG=1",
					"$(inherited)",
				);
				GCC_WARN_64_TO_32_BIT_CONVERSION = YES;
				GCC_WARN_ABOUT_RETURN_TYPE = YES_ERROR;
				GCC_WARN_UNDECLARED_SELECTOR = YES;
				GCC_WARN_UNINITIALIZED_AUTOS = YES_AGGRESSIVE;
				GCC_WARN_UNUSED_FUNCTION = YES;
				GCC_WARN_UNUSED_VARIABLE = YES;
				IPHONEOS_DEPLOYMENT_TARGET = 16.0;
				MTL_ENABLE_DEBUG_INFO = INCLUDE_SOURCE;
				MTL_FAST_MATH = YES;
				ONLY_ACTIVE_ARCH = YES;
				SDKROOT = iphoneos;
				SWIFT_ACTIVE_COMPILATION_CONDITIONS = DEBUG;
				SWIFT_OPTIMIZATION_LEVEL = "-Onone";
			};
			name = Debug;
		};
		14A208C9292CF38300B5334A /* Release */ = {
			isa = XCBuildConfiguration;
			buildSettings = {
				ALWAYS_SEARCH_USER_PATHS = NO;
				CLANG_ANALYZER_NONNULL = YES;
				CLANG_ANALYZER_NUMBER_OBJECT_CONVERSION = YES_AGGRESSIVE;
				CLANG_CXX_LANGUAGE_STANDARD = "gnu++20";
				CLANG_ENABLE_MODULES = YES;
				CLANG_ENABLE_OBJC_ARC = YES;
				CLANG_ENABLE_OBJC_WEAK = YES;
				CLANG_WARN_BLOCK_CAPTURE_AUTORELEASING = YES;
				CLANG_WARN_BOOL_CONVERSION = YES;
				CLANG_WARN_COMMA = YES;
				CLANG_WARN_CONSTANT_CONVERSION = YES;
				CLANG_WARN_DEPRECATED_OBJC_IMPLEMENTATIONS = YES;
				CLANG_WARN_DIRECT_OBJC_ISA_USAGE = YES_ERROR;
				CLANG_WARN_DOCUMENTATION_COMMENTS = YES;
				CLANG_WARN_EMPTY_BODY = YES;
				CLANG_WARN_ENUM_CONVERSION = YES;
				CLANG_WARN_INFINITE_RECURSION = YES;
				CLANG_WARN_INT_CONVERSION = YES;
				CLANG_WARN_NON_LITERAL_NULL_CONVERSION = YES;
				CLANG_WARN_OBJC_IMPLICIT_RETAIN_SELF = YES;
				CLANG_WARN_OBJC_LITERAL_CONVERSION = YES;
				CLANG_WARN_OBJC_ROOT_CLASS = YES_ERROR;
				CLANG_WARN_QUOTED_INCLUDE_IN_FRAMEWORK_HEADER = YES;
				CLANG_WARN_RANGE_LOOP_ANALYSIS = YES;
				CLANG_WARN_STRICT_PROTOTYPES = YES;
				CLANG_WARN_SUSPICIOUS_MOVE = YES;
				CLANG_WARN_UNGUARDED_AVAILABILITY = YES_AGGRESSIVE;
				CLANG_WARN_UNREACHABLE_CODE = YES;
				CLANG_WARN__DUPLICATE_METHOD_MATCH = YES;
				COPY_PHASE_STRIP = NO;
				DEBUG_INFORMATION_FORMAT = "dwarf-with-dsym";
				ENABLE_NS_ASSERTIONS = NO;
				ENABLE_STRICT_OBJC_MSGSEND = YES;
				GCC_C_LANGUAGE_STANDARD = gnu11;
				GCC_NO_COMMON_BLOCKS = YES;
				GCC_WARN_64_TO_32_BIT_CONVERSION = YES;
				GCC_WARN_ABOUT_RETURN_TYPE = YES_ERROR;
				GCC_WARN_UNDECLARED_SELECTOR = YES;
				GCC_WARN_UNINITIALIZED_AUTOS = YES_AGGRESSIVE;
				GCC_WARN_UNUSED_FUNCTION = YES;
				GCC_WARN_UNUSED_VARIABLE = YES;
				IPHONEOS_DEPLOYMENT_TARGET = 16.0;
				MTL_ENABLE_DEBUG_INFO = NO;
				MTL_FAST_MATH = YES;
				SDKROOT = iphoneos;
				SWIFT_COMPILATION_MODE = wholemodule;
				SWIFT_OPTIMIZATION_LEVEL = "-O";
				VALIDATE_PRODUCT = YES;
			};
			name = Release;
		};
		14A208CB292CF38300B5334A /* Debug */ = {
			isa = XCBuildConfiguration;
			buildSettings = {
				ASSETCATALOG_COMPILER_APPICON_NAME = AppIcon;
				ASSETCATALOG_COMPILER_GLOBAL_ACCENT_COLOR_NAME = AccentColor;
				CODE_SIGN_STYLE = Automatic;
				CURRENT_PROJECT_VERSION = 1;
				DEVELOPMENT_TEAM = L6P53PTP9Z;
				GENERATE_INFOPLIST_FILE = YES;
				INFOPLIST_FILE = ImageFeed/Resources/Info.plist;
				INFOPLIST_KEY_UIApplicationSupportsIndirectInputEvents = YES;
				INFOPLIST_KEY_UILaunchStoryboardName = LaunchScreen;
				INFOPLIST_KEY_UIMainStoryboardFile = Main;
				INFOPLIST_KEY_UISupportedInterfaceOrientations_iPad = "UIInterfaceOrientationPortrait UIInterfaceOrientationPortraitUpsideDown UIInterfaceOrientationLandscapeLeft UIInterfaceOrientationLandscapeRight";
				INFOPLIST_KEY_UISupportedInterfaceOrientations_iPhone = UIInterfaceOrientationPortrait;
				IPHONEOS_DEPLOYMENT_TARGET = 13.0;
				LD_RUNPATH_SEARCH_PATHS = (
					"$(inherited)",
					"@executable_path/Frameworks",
				);
				MARKETING_VERSION = 1.0;
				PRODUCT_BUNDLE_IDENTIFIER = ru.av00id.ImageFeed;
				PRODUCT_NAME = "$(TARGET_NAME)";
				SUPPORTED_PLATFORMS = "iphoneos iphonesimulator";
				SUPPORTS_MACCATALYST = NO;
				SUPPORTS_MAC_DESIGNED_FOR_IPHONE_IPAD = YES;
				SWIFT_EMIT_LOC_STRINGS = YES;
				SWIFT_VERSION = 5.0;
				TARGETED_DEVICE_FAMILY = 1;
			};
			name = Debug;
		};
		14A208CC292CF38300B5334A /* Release */ = {
			isa = XCBuildConfiguration;
			buildSettings = {
				ASSETCATALOG_COMPILER_APPICON_NAME = AppIcon;
				ASSETCATALOG_COMPILER_GLOBAL_ACCENT_COLOR_NAME = AccentColor;
				CODE_SIGN_STYLE = Automatic;
				CURRENT_PROJECT_VERSION = 1;
				DEVELOPMENT_TEAM = L6P53PTP9Z;
				GENERATE_INFOPLIST_FILE = YES;
				INFOPLIST_FILE = ImageFeed/Resources/Info.plist;
				INFOPLIST_KEY_UIApplicationSupportsIndirectInputEvents = YES;
				INFOPLIST_KEY_UILaunchStoryboardName = LaunchScreen;
				INFOPLIST_KEY_UIMainStoryboardFile = Main;
				INFOPLIST_KEY_UISupportedInterfaceOrientations_iPad = "UIInterfaceOrientationPortrait UIInterfaceOrientationPortraitUpsideDown UIInterfaceOrientationLandscapeLeft UIInterfaceOrientationLandscapeRight";
				INFOPLIST_KEY_UISupportedInterfaceOrientations_iPhone = UIInterfaceOrientationPortrait;
				IPHONEOS_DEPLOYMENT_TARGET = 13.0;
				LD_RUNPATH_SEARCH_PATHS = (
					"$(inherited)",
					"@executable_path/Frameworks",
				);
				MARKETING_VERSION = 1.0;
				PRODUCT_BUNDLE_IDENTIFIER = ru.av00id.ImageFeed;
				PRODUCT_NAME = "$(TARGET_NAME)";
				SUPPORTED_PLATFORMS = "iphoneos iphonesimulator";
				SUPPORTS_MACCATALYST = NO;
				SUPPORTS_MAC_DESIGNED_FOR_IPHONE_IPAD = YES;
				SWIFT_EMIT_LOC_STRINGS = YES;
				SWIFT_VERSION = 5.0;
				TARGETED_DEVICE_FAMILY = 1;
			};
			name = Release;
		};
		14A3031F299D1D2E00C6BCA0 /* Debug */ = {
			isa = XCBuildConfiguration;
			buildSettings = {
				CODE_SIGN_STYLE = Automatic;
				CURRENT_PROJECT_VERSION = 1;
				DEVELOPMENT_TEAM = L6P53PTP9Z;
				GENERATE_INFOPLIST_FILE = YES;
				IPHONEOS_DEPLOYMENT_TARGET = 16.2;
				MARKETING_VERSION = 1.0;
				PRODUCT_BUNDLE_IDENTIFIER = ru.av00id.ImageFeedUITests;
				PRODUCT_NAME = "$(TARGET_NAME)";
				SWIFT_EMIT_LOC_STRINGS = NO;
				SWIFT_VERSION = 5.0;
				TARGETED_DEVICE_FAMILY = "1,2";
				TEST_TARGET_NAME = ImageFeed;
			};
			name = Debug;
		};
		14A30320299D1D2E00C6BCA0 /* Release */ = {
			isa = XCBuildConfiguration;
			buildSettings = {
				CODE_SIGN_STYLE = Automatic;
				CURRENT_PROJECT_VERSION = 1;
				DEVELOPMENT_TEAM = L6P53PTP9Z;
				GENERATE_INFOPLIST_FILE = YES;
				IPHONEOS_DEPLOYMENT_TARGET = 16.2;
				MARKETING_VERSION = 1.0;
				PRODUCT_BUNDLE_IDENTIFIER = ru.av00id.ImageFeedUITests;
				PRODUCT_NAME = "$(TARGET_NAME)";
				SWIFT_EMIT_LOC_STRINGS = NO;
				SWIFT_VERSION = 5.0;
				TARGETED_DEVICE_FAMILY = "1,2";
				TEST_TARGET_NAME = ImageFeed;
			};
			name = Release;
		};
/* End XCBuildConfiguration section */

/* Begin XCConfigurationList section */
		141AE4F229A54D8A00D1ACDA /* Build configuration list for PBXNativeTarget "ImageFeedTests" */ = {
			isa = XCConfigurationList;
			buildConfigurations = (
				141AE4F029A54D8A00D1ACDA /* Debug */,
				141AE4F129A54D8A00D1ACDA /* Release */,
			);
			defaultConfigurationIsVisible = 0;
			defaultConfigurationName = Release;
		};
		14A208B1292CF38000B5334A /* Build configuration list for PBXProject "ImageFeed" */ = {
			isa = XCConfigurationList;
			buildConfigurations = (
				14A208C8292CF38300B5334A /* Debug */,
				14A208C9292CF38300B5334A /* Release */,
			);
			defaultConfigurationIsVisible = 0;
			defaultConfigurationName = Release;
		};
		14A208CA292CF38300B5334A /* Build configuration list for PBXNativeTarget "ImageFeed" */ = {
			isa = XCConfigurationList;
			buildConfigurations = (
				14A208CB292CF38300B5334A /* Debug */,
				14A208CC292CF38300B5334A /* Release */,
			);
			defaultConfigurationIsVisible = 0;
			defaultConfigurationName = Release;
		};
		14A3031E299D1D2E00C6BCA0 /* Build configuration list for PBXNativeTarget "ImageFeedUITests" */ = {
			isa = XCConfigurationList;
			buildConfigurations = (
				14A3031F299D1D2E00C6BCA0 /* Debug */,
				14A30320299D1D2E00C6BCA0 /* Release */,
			);
			defaultConfigurationIsVisible = 0;
			defaultConfigurationName = Release;
		};
/* End XCConfigurationList section */

/* Begin XCRemoteSwiftPackageReference section */
		14AB13AC2976880B00EB00F8 /* XCRemoteSwiftPackageReference "Kingfisher" */ = {
			isa = XCRemoteSwiftPackageReference;
			repositoryURL = "https://github.com/onevcat/Kingfisher.git";
			requirement = {
				kind = upToNextMajorVersion;
				minimumVersion = 7.0.0;
			};
		};
		14AB13AF29768B1F00EB00F8 /* XCRemoteSwiftPackageReference "SwiftKeychainWrapper" */ = {
			isa = XCRemoteSwiftPackageReference;
			repositoryURL = "https://github.com/jrendel/SwiftKeychainWrapper";
			requirement = {
				kind = upToNextMajorVersion;
				minimumVersion = 4.0.0;
			};
		};
		14AEC5E7295DADBD009F1126 /* XCRemoteSwiftPackageReference "ProgressHUD" */ = {
			isa = XCRemoteSwiftPackageReference;
			repositoryURL = "https://github.com/relatedcode/ProgressHUD";
			requirement = {
				kind = upToNextMajorVersion;
				minimumVersion = 13.0.0;
			};
		};
/* End XCRemoteSwiftPackageReference section */

/* Begin XCSwiftPackageProductDependency section */
		14AB13AD2976880B00EB00F8 /* Kingfisher */ = {
			isa = XCSwiftPackageProductDependency;
			package = 14AB13AC2976880B00EB00F8 /* XCRemoteSwiftPackageReference "Kingfisher" */;
			productName = Kingfisher;
		};
		14AB13B029768B1F00EB00F8 /* SwiftKeychainWrapper */ = {
			isa = XCSwiftPackageProductDependency;
			package = 14AB13AF29768B1F00EB00F8 /* XCRemoteSwiftPackageReference "SwiftKeychainWrapper" */;
			productName = SwiftKeychainWrapper;
		};
		14AEC5E8295DADBD009F1126 /* ProgressHUD */ = {
			isa = XCSwiftPackageProductDependency;
			package = 14AEC5E7295DADBD009F1126 /* XCRemoteSwiftPackageReference "ProgressHUD" */;
			productName = ProgressHUD;
		};
/* End XCSwiftPackageProductDependency section */
	};
	rootObject = 14A208AE292CF38000B5334A /* Project object */;
}
